<?xml version="1.0" encoding="utf-8"?>
<Project ToolsVersion="4.0" xmlns="http://schemas.microsoft.com/developer/msbuild/2003">
  <ItemGroup>
    <Filter Include="Source Files">
      <UniqueIdentifier>{4FC737F1-C7A5-4376-A066-2A32D752A2FF}</UniqueIdentifier>
      <Extensions>cpp;c;cc;cxx;c++;cppm;ixx;def;odl;idl;hpj;bat;asm;asmx</Extensions>
    </Filter>
    <Filter Include="Header Files">
      <UniqueIdentifier>{93995380-89BD-4b04-88EB-625FBE52EBFB}</UniqueIdentifier>
      <Extensions>h;hh;hpp;hxx;h++;hm;inl;inc;ipp;xsd</Extensions>
    </Filter>
    <Filter Include="Resource Files">
      <UniqueIdentifier>{67DA6AB6-F800-4c08-8B7A-83BB121AAD01}</UniqueIdentifier>
      <Extensions>rc;ico;cur;bmp;dlg;rc2;rct;bin;rgs;gif;jpg;jpeg;jpe;resx;tiff;tif;png;wav;mfcribbon-ms</Extensions>
    </Filter>
    <Filter Include="SQL files">
      <UniqueIdentifier>{4eb4680e-5dd8-4473-b989-3827354096ca}</UniqueIdentifier>
      <Extensions>sql</Extensions>
    </Filter>
  </ItemGroup>
  <ItemGroup>
    <ClCompile Include="database\database.cpp">
      <Filter>Source Files</Filter>
    </ClCompile>
    <ClCompile Include="src\StartForm.cpp">
      <Filter>Source Files</Filter>
    </ClCompile>
    <ClCompile Include="src\StandardAdminForm.cpp">
      <Filter>Source Files</Filter>
    </ClCompile>
    <ClCompile Include="src\mini\SearchBook.cpp">
      <Filter>Source Files</Filter>
    </ClCompile>
    <ClCompile Include="src\mini\AddBook.cpp">
      <Filter>Source Files</Filter>
    </ClCompile>
    <ClCompile Include="src\MyHeader.cpp">
      <Filter>Source Files</Filter>
    </ClCompile>
    <ClCompile Include="src\mini\SearchUser.cpp">
      <Filter>Source Files</Filter>
    </ClCompile>
    <ClCompile Include="src\mini\UpdateUser.cpp">
      <Filter>Source Files</Filter>
    </ClCompile>
    <ClCompile Include="src\mini\UpdateBook.cpp">
      <Filter>Source Files</Filter>
    </ClCompile>
    <ClCompile Include="src\MainAdminForm.cpp">
      <Filter>Source Files</Filter>
    </ClCompile>
    <ClCompile Include="src\mini\AddAdmin.cpp">
      <Filter>Source Files</Filter>
    </ClCompile>
    <ClCompile Include="src\mini\AddStudent.cpp">
      <Filter>Source Files</Filter>
    </ClCompile>
    <ClCompile Include="src\MyStudentForm.cpp">
      <Filter>Source Files</Filter>
    </ClCompile>
  </ItemGroup>
  <ItemGroup>
    <ClInclude Include="src\StartForm.h">
      <Filter>Header Files</Filter>
    </ClInclude>
    <ClInclude Include="src\MainAdminForm.h">
      <Filter>Header Files</Filter>
    </ClInclude>
    <ClInclude Include="src\StandardAdminForm.h">
      <Filter>Header Files</Filter>
    </ClInclude>
    <ClInclude Include="src\mini\AddBook.h">
      <Filter>Header Files</Filter>
    </ClInclude>
    <ClInclude Include="src\mini\AddStudent.h">
      <Filter>Header Files</Filter>
    </ClInclude>
    <ClInclude Include="src\mini\AddAdmin.h">
      <Filter>Header Files</Filter>
    </ClInclude>
    <ClInclude Include="src\MyHeader.h">
      <Filter>Header Files</Filter>
    </ClInclude>
    <ClInclude Include="database\database.h">
      <Filter>Header Files</Filter>
    </ClInclude>
    <ClInclude Include="src\mini\SearchBook.h">
      <Filter>Header Files</Filter>
    </ClInclude>
    <ClInclude Include="src\mini\SearchUser.h">
      <Filter>Header Files</Filter>
    </ClInclude>
    <ClInclude Include="src\mini\UpdateUser.h">
      <Filter>Header Files</Filter>
    </ClInclude>
    <ClInclude Include="src\mini\UpdateBook.h">
      <Filter>Header Files</Filter>
    </ClInclude>
    <ClInclude Include="src\MyForm.h">
      <Filter>Header Files</Filter>
    </ClInclude>
    <ClInclude Include="src\MyStudentForm.h">
      <Filter>Header Files</Filter>
    </ClInclude>
  </ItemGroup>
  <ItemGroup>
    <EmbeddedResource Include="src\StartForm.resx">
      <Filter>Resource Files</Filter>
    </EmbeddedResource>
  </ItemGroup>
  <ItemGroup>
    <None Include="database\database.sql">
      <Filter>SQL files</Filter>
    </None>
    <None Include="pictures\Webalys-Kameleon.pics-Student-3.svg" />
    <None Include="src\mini\SearchBook.resx~RF373ec2.TMP" />
  </ItemGroup>
  <ItemGroup>
    <Image Include="src\app1.ico">
      <Filter>Resource Files</Filter>
    </Image>
  </ItemGroup>
</Project>